
Microsoft Visual Studio Solution File, Format Version 12.00
# Visual Studio Version 17
VisualStudioVersion = 17.5.002.0
MinimumVisualStudioVersion = 10.0.40219.1
Project("{9A19103F-16F7-4668-BE54-9A1E7A4F7556}") = "SNAP_VERSION_C#", "SNAP_VERSION_C#.csproj", "{F31431EE-5376-44C7-ACC1-A545B9257F3F}"
EndProject
Global
	GlobalSection(SolutionConfigurationPlatforms) = preSolution
		Debug|Any CPU = Debug|Any CPU
		Release|Any CPU = Release|Any CPU
	EndGlobalSection
	GlobalSection(ProjectConfigurationPlatforms) = postSolution
		{F31431EE-5376-44C7-ACC1-A545B9257F3F}.Debug|Any CPU.ActiveCfg = Debug|Any CPU
		{F31431EE-5376-44C7-ACC1-A545B9257F3F}.Debug|Any CPU.Build.0 = Debug|Any CPU
		{F31431EE-5376-44C7-ACC1-A545B9257F3F}.Release|Any CPU.ActiveCfg = Release|Any CPU
		{F31431EE-5376-44C7-ACC1-A545B9257F3F}.Release|Any CPU.Build.0 = Release|Any CPU
	EndGlobalSection
	GlobalSection(SolutionProperties) = preSolution
		HideSolutionNode = FALSE
	EndGlobalSection
	GlobalSection(ExtensibilityGlobals) = postSolution
		SolutionGuid = {102ECB38-267B-41E9-84A1-D27FB11C649B}
	EndGlobalSection
EndGlobal
